{
  "requires": true,
  "lockfileVersion": 1,
  "dependencies": {
    "@use-gesture/core": {
      "version": "10.3.1",
      "resolved": "https://registry.npmjs.org/@use-gesture/core/-/core-10.3.1.tgz",
      "integrity": "sha512-WcINiDt8WjqBdUXye25anHiNxPc0VOrlT8F6LLkU6cycrOGUDyY/yyFmsg3k8i5OLvv25llc0QC45GhR/C8llw=="
    },
    "@use-gesture/react": {
      "version": "10.3.1",
      "resolved": "https://registry.npmjs.org/@use-gesture/react/-/react-10.3.1.tgz",
      "integrity": "sha512-Yy19y6O2GJq8f7CHf7L0nxL8bf4PZCPaVOCgJrusOeFHY1LvHgYXnmnXg6N5iwAnbgbZCDjo60SiM6IPJi9C5g==",
      "requires": {
        "@use-gesture/core": "10.3.1"
      }
    },
    "react-spring-carousel": {
      "version": "2.0.19",
      "resolved": "https://registry.npmjs.org/react-spring-carousel/-/react-spring-carousel-2.0.19.tgz",
      "integrity": "sha512-OiSTuxjLv0whsjLWnZFkhCZXfaNFgBOZHr8EmggZqVZ5z+78zB87C0gTwyBA86Vo/Uljlvez6ELwLszj8fDa9A==",
      "requires": {
        "@use-gesture/react": "^10.2.11",
        "rxjs": "^7.5.4",
        "screenfull": "^5.2.0"
      }
    },
    "rxjs": {
      "version": "7.8.1",
      "resolved": "https://registry.npmjs.org/rxjs/-/rxjs-7.8.1.tgz",
      "integrity": "sha512-AA3TVj+0A2iuIoQkWEK/tqFjBq2j+6PO6Y0zJcvzLAFhEFIO3HL0vls9hWLncZbAAbK0mar7oZ4V079I/qPMxg==",
      "requires": {
        "tslib": "^2.1.0"
      }
    },
    "screenfull": {
      "version": "5.2.0",
      "resolved": "https://registry.npmjs.org/screenfull/-/screenfull-5.2.0.tgz",
      "integrity": "sha512-9BakfsO2aUQN2K9Fdbj87RJIEZ82Q9IGim7FqM5OsebfoFC6ZHXgDq/KvniuLTPdeM8wY2o6Dj3WQ7KeQCj3cA=="
    },
    "tslib": {
      "version": "2.7.0",
      "resolved": "https://registry.npmjs.org/tslib/-/tslib-2.7.0.tgz",
      "integrity": "sha512-gLXCKdN1/j47AiHiOkJN69hJmcbGTHI0ImLmbYLHykhgeN0jVGola9yVjFgzCUklsZQMW55o+dW7IXv3RCXDzA=="
    }
  }
}
